// !$*UTF8*$!
{
	archiveVersion = 1;
	classes = {
	};
	objectVersion = 46;
	objects = {

/* Begin PBXBuildFile section */
		109C9DF1246E4584A30421A1 /* libPods.a in Frameworks */ = {isa = PBXBuildFile; fileRef = 2D696349D25D441BA1A3DA3A /* libPods.a */; };
		3153061B19C557E0003B4E0C /* MovieDetailViewController.m in Sources */ = {isa = PBXBuildFile; fileRef = 3153061919C557E0003B4E0C /* MovieDetailViewController.m */; };
		3153061C19C557E0003B4E0C /* MovieDetailViewController.xib in Resources */ = {isa = PBXBuildFile; fileRef = 3153061A19C557E0003B4E0C /* MovieDetailViewController.xib */; };
		317E0B2319C4993200807C3C /* MovieCell.m in Sources */ = {isa = PBXBuildFile; fileRef = 317E0B2119C4993200807C3C /* MovieCell.m */; };
		317E0B2419C4993200807C3C /* MovieCell.xib in Resources */ = {isa = PBXBuildFile; fileRef = 317E0B2219C4993200807C3C /* MovieCell.xib */; };
		31E0CC9519C401CA00F92913 /* Foundation.framework in Frameworks */ = {isa = PBXBuildFile; fileRef = 31E0CC9419C401CA00F92913 /* Foundation.framework */; };
		31E0CC9719C401CA00F92913 /* CoreGraphics.framework in Frameworks */ = {isa = PBXBuildFile; fileRef = 31E0CC9619C401CA00F92913 /* CoreGraphics.framework */; };
		31E0CC9919C401CA00F92913 /* UIKit.framework in Frameworks */ = {isa = PBXBuildFile; fileRef = 31E0CC9819C401CA00F92913 /* UIKit.framework */; };
		31E0CC9F19C401CA00F92913 /* InfoPlist.strings in Resources */ = {isa = PBXBuildFile; fileRef = 31E0CC9D19C401CA00F92913 /* InfoPlist.strings */; };
		31E0CCA119C401CA00F92913 /* main.m in Sources */ = {isa = PBXBuildFile; fileRef = 31E0CCA019C401CA00F92913 /* main.m */; };
		31E0CCA519C401CA00F92913 /* AppDelegate.m in Sources */ = {isa = PBXBuildFile; fileRef = 31E0CCA419C401CA00F92913 /* AppDelegate.m */; };
		31E0CCAD19C401CA00F92913 /* Images.xcassets in Resources */ = {isa = PBXBuildFile; fileRef = 31E0CCAC19C401CA00F92913 /* Images.xcassets */; };
		31E0CCB419C401CB00F92913 /* XCTest.framework in Frameworks */ = {isa = PBXBuildFile; fileRef = 31E0CCB319C401CB00F92913 /* XCTest.framework */; };
		31E0CCB519C401CB00F92913 /* Foundation.framework in Frameworks */ = {isa = PBXBuildFile; fileRef = 31E0CC9419C401CA00F92913 /* Foundation.framework */; };
		31E0CCB619C401CB00F92913 /* UIKit.framework in Frameworks */ = {isa = PBXBuildFile; fileRef = 31E0CC9819C401CA00F92913 /* UIKit.framework */; };
		31E0CCBE19C401CB00F92913 /* InfoPlist.strings in Resources */ = {isa = PBXBuildFile; fileRef = 31E0CCBC19C401CB00F92913 /* InfoPlist.strings */; };
		31E0CCC019C401CB00F92913 /* rottentomatoesTests.m in Sources */ = {isa = PBXBuildFile; fileRef = 31E0CCBF19C401CB00F92913 /* rottentomatoesTests.m */; };
		31E0CCCC19C401EE00F92913 /* MoviesViewController.m in Sources */ = {isa = PBXBuildFile; fileRef = 31E0CCCA19C401EE00F92913 /* MoviesViewController.m */; };
		31E0CCCD19C401EE00F92913 /* MoviesViewController.xib in Resources */ = {isa = PBXBuildFile; fileRef = 31E0CCCB19C401EE00F92913 /* MoviesViewController.xib */; };
/* End PBXBuildFile section */

/* Begin PBXContainerItemProxy section */
		31E0CCB719C401CB00F92913 /* PBXContainerItemProxy */ = {
			isa = PBXContainerItemProxy;
			containerPortal = 31E0CC8919C401CA00F92913 /* Project object */;
			proxyType = 1;
			remoteGlobalIDString = 31E0CC9019C401CA00F92913;
			remoteInfo = rottentomatoes;
		};
/* End PBXContainerItemProxy section */

/* Begin PBXFileReference section */
		2D696349D25D441BA1A3DA3A /* libPods.a */ = {isa = PBXFileReference; explicitFileType = archive.ar; includeInIndex = 0; path = libPods.a; sourceTree = BUILT_PRODUCTS_DIR; };
		3153061819C557E0003B4E0C /* MovieDetailViewController.h */ = {isa = PBXFileReference; fileEncoding = 4; lastKnownFileType = sourcecode.c.h; path = MovieDetailViewController.h; sourceTree = "<group>"; };
		3153061919C557E0003B4E0C /* MovieDetailViewController.m */ = {isa = PBXFileReference; fileEncoding = 4; lastKnownFileType = sourcecode.c.objc; path = MovieDetailViewController.m; sourceTree = "<group>"; };
		3153061A19C557E0003B4E0C /* MovieDetailViewController.xib */ = {isa = PBXFileReference; fileEncoding = 4; lastKnownFileType = file.xib; path = MovieDetailViewController.xib; sourceTree = "<group>"; };
		317E0B2019C4993200807C3C /* MovieCell.h */ = {isa = PBXFileReference; fileEncoding = 4; lastKnownFileType = sourcecode.c.h; path = MovieCell.h; sourceTree = "<group>"; };
		317E0B2119C4993200807C3C /* MovieCell.m */ = {isa = PBXFileReference; fileEncoding = 4; lastKnownFileType = sourcecode.c.objc; path = MovieCell.m; sourceTree = "<group>"; };
		317E0B2219C4993200807C3C /* MovieCell.xib */ = {isa = PBXFileReference; fileEncoding = 4; lastKnownFileType = file.xib; path = MovieCell.xib; sourceTree = "<group>"; };
		31E0CC9119C401CA00F92913 /* rottentomatoes.app */ = {isa = PBXFileReference; explicitFileType = wrapper.application; includeInIndex = 0; path = rottentomatoes.app; sourceTree = BUILT_PRODUCTS_DIR; };
		31E0CC9419C401CA00F92913 /* Foundation.framework */ = {isa = PBXFileReference; lastKnownFileType = wrapper.framework; name = Foundation.framework; path = System/Library/Frameworks/Foundation.framework; sourceTree = SDKROOT; };
		31E0CC9619C401CA00F92913 /* CoreGraphics.framework */ = {isa = PBXFileReference; lastKnownFileType = wrapper.framework; name = CoreGraphics.framework; path = System/Library/Frameworks/CoreGraphics.framework; sourceTree = SDKROOT; };
		31E0CC9819C401CA00F92913 /* UIKit.framework */ = {isa = PBXFileReference; lastKnownFileType = wrapper.framework; name = UIKit.framework; path = System/Library/Frameworks/UIKit.framework; sourceTree = SDKROOT; };
		31E0CC9C19C401CA00F92913 /* rottentomatoes-Info.plist */ = {isa = PBXFileReference; lastKnownFileType = text.plist.xml; path = "rottentomatoes-Info.plist"; sourceTree = "<group>"; };
		31E0CC9E19C401CA00F92913 /* en */ = {isa = PBXFileReference; lastKnownFileType = text.plist.strings; name = en; path = en.lproj/InfoPlist.strings; sourceTree = "<group>"; };
		31E0CCA019C401CA00F92913 /* main.m */ = {isa = PBXFileReference; lastKnownFileType = sourcecode.c.objc; path = main.m; sourceTree = "<group>"; };
		31E0CCA219C401CA00F92913 /* rottentomatoes-Prefix.pch */ = {isa = PBXFileReference; lastKnownFileType = sourcecode.c.h; path = "rottentomatoes-Prefix.pch"; sourceTree = "<group>"; };
		31E0CCA319C401CA00F92913 /* AppDelegate.h */ = {isa = PBXFileReference; lastKnownFileType = sourcecode.c.h; path = AppDelegate.h; sourceTree = "<group>"; };
		31E0CCA419C401CA00F92913 /* AppDelegate.m */ = {isa = PBXFileReference; lastKnownFileType = sourcecode.c.objc; path = AppDelegate.m; sourceTree = "<group>"; };
		31E0CCAC19C401CA00F92913 /* Images.xcassets */ = {isa = PBXFileReference; lastKnownFileType = folder.assetcatalog; path = Images.xcassets; sourceTree = "<group>"; };
		31E0CCB219C401CB00F92913 /* rottentomatoesTests.xctest */ = {isa = PBXFileReference; explicitFileType = wrapper.cfbundle; includeInIndex = 0; path = rottentomatoesTests.xctest; sourceTree = BUILT_PRODUCTS_DIR; };
		31E0CCB319C401CB00F92913 /* XCTest.framework */ = {isa = PBXFileReference; lastKnownFileType = wrapper.framework; name = XCTest.framework; path = Library/Frameworks/XCTest.framework; sourceTree = DEVELOPER_DIR; };
		31E0CCBB19C401CB00F92913 /* rottentomatoesTests-Info.plist */ = {isa = PBXFileReference; lastKnownFileType = text.plist.xml; path = "rottentomatoesTests-Info.plist"; sourceTree = "<group>"; };
		31E0CCBD19C401CB00F92913 /* en */ = {isa = PBXFileReference; lastKnownFileType = text.plist.strings; name = en; path = en.lproj/InfoPlist.strings; sourceTree = "<group>"; };
		31E0CCBF19C401CB00F92913 /* rottentomatoesTests.m */ = {isa = PBXFileReference; lastKnownFileType = sourcecode.c.objc; path = rottentomatoesTests.m; sourceTree = "<group>"; };
		31E0CCC919C401EE00F92913 /* MoviesViewController.h */ = {isa = PBXFileReference; fileEncoding = 4; lastKnownFileType = sourcecode.c.h; path = MoviesViewController.h; sourceTree = "<group>"; };
		31E0CCCA19C401EE00F92913 /* MoviesViewController.m */ = {isa = PBXFileReference; fileEncoding = 4; lastKnownFileType = sourcecode.c.objc; path = MoviesViewController.m; sourceTree = "<group>"; };
		31E0CCCB19C401EE00F92913 /* MoviesViewController.xib */ = {isa = PBXFileReference; fileEncoding = 4; lastKnownFileType = file.xib; path = MoviesViewController.xib; sourceTree = "<group>"; };
		7A2DB222DBE54B4A9F8FC5BC /* Pods.xcconfig */ = {isa = PBXFileReference; includeInIndex = 1; lastKnownFileType = text.xcconfig; name = Pods.xcconfig; path = Pods/Pods.xcconfig; sourceTree = "<group>"; };
/* End PBXFileReference section */

/* Begin PBXFrameworksBuildPhase section */
		31E0CC8E19C401CA00F92913 /* Frameworks */ = {
			isa = PBXFrameworksBuildPhase;
			buildActionMask = 2147483647;
			files = (
				31E0CC9719C401CA00F92913 /* CoreGraphics.framework in Frameworks */,
				31E0CC9919C401CA00F92913 /* UIKit.framework in Frameworks */,
				31E0CC9519C401CA00F92913 /* Foundation.framework in Frameworks */,
				109C9DF1246E4584A30421A1 /* libPods.a in Frameworks */,
			);
			runOnlyForDeploymentPostprocessing = 0;
		};
		31E0CCAF19C401CB00F92913 /* Frameworks */ = {
			isa = PBXFrameworksBuildPhase;
			buildActionMask = 2147483647;
			files = (
				31E0CCB419C401CB00F92913 /* XCTest.framework in Frameworks */,
				31E0CCB619C401CB00F92913 /* UIKit.framework in Frameworks */,
				31E0CCB519C401CB00F92913 /* Foundation.framework in Frameworks */,
			);
			runOnlyForDeploymentPostprocessing = 0;
		};
/* End PBXFrameworksBuildPhase section */

/* Begin PBXGroup section */
		31596F8619C407C10015CDA1 /* View Controllers */ = {
			isa = PBXGroup;
			children = (
				31E0CCC919C401EE00F92913 /* MoviesViewController.h */,
				31E0CCCA19C401EE00F92913 /* MoviesViewController.m */,
				31E0CCCB19C401EE00F92913 /* MoviesViewController.xib */,
				3153061819C557E0003B4E0C /* MovieDetailViewController.h */,
				3153061919C557E0003B4E0C /* MovieDetailViewController.m */,
				3153061A19C557E0003B4E0C /* MovieDetailViewController.xib */,
			);
			name = "View Controllers";
			sourceTree = "<group>";
		};
		31596F8719C418FF0015CDA1 /* Views */ = {
			isa = PBXGroup;
			children = (
				317E0B2019C4993200807C3C /* MovieCell.h */,
				317E0B2119C4993200807C3C /* MovieCell.m */,
				317E0B2219C4993200807C3C /* MovieCell.xib */,
			);
			name = Views;
			sourceTree = "<group>";
		};
		31E0CC8819C401CA00F92913 = {
			isa = PBXGroup;
			children = (
				31E0CC9A19C401CA00F92913 /* rottentomatoes */,
				31E0CCB919C401CB00F92913 /* rottentomatoesTests */,
				31E0CC9319C401CA00F92913 /* Frameworks */,
				31E0CC9219C401CA00F92913 /* Products */,
				7A2DB222DBE54B4A9F8FC5BC /* Pods.xcconfig */,
			);
			sourceTree = "<group>";
		};
		31E0CC9219C401CA00F92913 /* Products */ = {
			isa = PBXGroup;
			children = (
				31E0CC9119C401CA00F92913 /* rottentomatoes.app */,
				31E0CCB219C401CB00F92913 /* rottentomatoesTests.xctest */,
			);
			name = Products;
			sourceTree = "<group>";
		};
		31E0CC9319C401CA00F92913 /* Frameworks */ = {
			isa = PBXGroup;
			children = (
				31E0CC9419C401CA00F92913 /* Foundation.framework */,
				31E0CC9619C401CA00F92913 /* CoreGraphics.framework */,
				31E0CC9819C401CA00F92913 /* UIKit.framework */,
				31E0CCB319C401CB00F92913 /* XCTest.framework */,
				2D696349D25D441BA1A3DA3A /* libPods.a */,
			);
			name = Frameworks;
			sourceTree = "<group>";
		};
		31E0CC9A19C401CA00F92913 /* rottentomatoes */ = {
			isa = PBXGroup;
			children = (
				31596F8719C418FF0015CDA1 /* Views */,
				31596F8619C407C10015CDA1 /* View Controllers */,
				31E0CCA319C401CA00F92913 /* AppDelegate.h */,
				31E0CCA419C401CA00F92913 /* AppDelegate.m */,
				31E0CCAC19C401CA00F92913 /* Images.xcassets */,
				31E0CC9B19C401CA00F92913 /* Supporting Files */,
			);
			path = rottentomatoes;
			sourceTree = "<group>";
		};
		31E0CC9B19C401CA00F92913 /* Supporting Files */ = {
			isa = PBXGroup;
			children = (
				31E0CC9C19C401CA00F92913 /* rottentomatoes-Info.plist */,
				31E0CC9D19C401CA00F92913 /* InfoPlist.strings */,
				31E0CCA019C401CA00F92913 /* main.m */,
				31E0CCA219C401CA00F92913 /* rottentomatoes-Prefix.pch */,
			);
			name = "Supporting Files";
			sourceTree = "<group>";
		};
		31E0CCB919C401CB00F92913 /* rottentomatoesTests */ = {
			isa = PBXGroup;
			children = (
				31E0CCBF19C401CB00F92913 /* rottentomatoesTests.m */,
				31E0CCBA19C401CB00F92913 /* Supporting Files */,
			);
			path = rottentomatoesTests;
			sourceTree = "<group>";
		};
		31E0CCBA19C401CB00F92913 /* Supporting Files */ = {
			isa = PBXGroup;
			children = (
				31E0CCBB19C401CB00F92913 /* rottentomatoesTests-Info.plist */,
				31E0CCBC19C401CB00F92913 /* InfoPlist.strings */,
			);
			name = "Supporting Files";
			sourceTree = "<group>";
		};
/* End PBXGroup section */

/* Begin PBXNativeTarget section */
		31E0CC9019C401CA00F92913 /* rottentomatoes */ = {
			isa = PBXNativeTarget;
			buildConfigurationList = 31E0CCC319C401CB00F92913 /* Build configuration list for PBXNativeTarget "rottentomatoes" */;
			buildPhases = (
				CC7DFF3E50714BAF8FE1D324 /* Check Pods Manifest.lock */,
				31E0CC8D19C401CA00F92913 /* Sources */,
				31E0CC8E19C401CA00F92913 /* Frameworks */,
				31E0CC8F19C401CA00F92913 /* Resources */,
				31BEA0BFA6A540E0911BC5A7 /* Copy Pods Resources */,
			);
			buildRules = (
			);
			dependencies = (
			);
			name = rottentomatoes;
			productName = rottentomatoes;
			productReference = 31E0CC9119C401CA00F92913 /* rottentomatoes.app */;
			productType = "com.apple.product-type.application";
		};
		31E0CCB119C401CB00F92913 /* rottentomatoesTests */ = {
			isa = PBXNativeTarget;
			buildConfigurationList = 31E0CCC619C401CB00F92913 /* Build configuration list for PBXNativeTarget "rottentomatoesTests" */;
			buildPhases = (
				31E0CCAE19C401CB00F92913 /* Sources */,
				31E0CCAF19C401CB00F92913 /* Frameworks */,
				31E0CCB019C401CB00F92913 /* Resources */,
			);
			buildRules = (
			);
			dependencies = (
				31E0CCB819C401CB00F92913 /* PBXTargetDependency */,
			);
			name = rottentomatoesTests;
			productName = rottentomatoesTests;
			productReference = 31E0CCB219C401CB00F92913 /* rottentomatoesTests.xctest */;
			productType = "com.apple.product-type.bundle.unit-test";
		};
/* End PBXNativeTarget section */

/* Begin PBXProject section */
		31E0CC8919C401CA00F92913 /* Project object */ = {
			isa = PBXProject;
			attributes = {
				LastUpgradeCheck = 0510;
				ORGANIZATIONNAME = "Palanisamy Kozhanthaiappan";
				TargetAttributes = {
					31E0CC9019C401CA00F92913 = {
						DevelopmentTeam = 2ARNJY38FW;
					};
					31E0CCB119C401CB00F92913 = {
						TestTargetID = 31E0CC9019C401CA00F92913;
					};
				};
			};
			buildConfigurationList = 31E0CC8C19C401CA00F92913 /* Build configuration list for PBXProject "rottentomatoes" */;
			compatibilityVersion = "Xcode 3.2";
			developmentRegion = English;
			hasScannedForEncodings = 0;
			knownRegions = (
				en,
				Base,
			);
			mainGroup = 31E0CC8819C401CA00F92913;
			productRefGroup = 31E0CC9219C401CA00F92913 /* Products */;
			projectDirPath = "";
			projectRoot = "";
			targets = (
				31E0CC9019C401CA00F92913 /* rottentomatoes */,
				31E0CCB119C401CB00F92913 /* rottentomatoesTests */,
			);
		};
/* End PBXProject section */

/* Begin PBXResourcesBuildPhase section */
		31E0CC8F19C401CA00F92913 /* Resources */ = {
			isa = PBXResourcesBuildPhase;
			buildActionMask = 2147483647;
			files = (
				3153061C19C557E0003B4E0C /* MovieDetailViewController.xib in Resources */,
				31E0CCAD19C401CA00F92913 /* Images.xcassets in Resources */,
				31E0CC9F19C401CA00F92913 /* InfoPlist.strings in Resources */,
				317E0B2419C4993200807C3C /* MovieCell.xib in Resources */,
				31E0CCCD19C401EE00F92913 /* MoviesViewController.xib in Resources */,
			);
			runOnlyForDeploymentPostprocessing = 0;
		};
		31E0CCB019C401CB00F92913 /* Resources */ = {
			isa = PBXResourcesBuildPhase;
			buildActionMask = 2147483647;
			files = (
				31E0CCBE19C401CB00F92913 /* InfoPlist.strings in Resources */,
			);
			runOnlyForDeploymentPostprocessing = 0;
		};
/* End PBXResourcesBuildPhase section */

/* Begin PBXShellScriptBuildPhase section */
		31BEA0BFA6A540E0911BC5A7 /* Copy Pods Resources */ = {
			isa = PBXShellScriptBuildPhase;
			buildActionMask = 2147483647;
			files = (
			);
			inputPaths = (
			);
			name = "Copy Pods Resources";
			outputPaths = (
			);
			runOnlyForDeploymentPostprocessing = 0;
			shellPath = /bin/sh;
			shellScript = "\"${SRCROOT}/Pods/Pods-resources.sh\"\n";
			showEnvVarsInLog = 0;
		};
		CC7DFF3E50714BAF8FE1D324 /* Check Pods Manifest.lock */ = {
			isa = PBXShellScriptBuildPhase;
			buildActionMask = 2147483647;
			files = (
			);
			inputPaths = (
			);
			name = "Check Pods Manifest.lock";
			outputPaths = (
			);
			runOnlyForDeploymentPostprocessing = 0;
			shellPath = /bin/sh;
			shellScript = "diff \"${PODS_ROOT}/../Podfile.lock\" \"${PODS_ROOT}/Manifest.lock\" > /dev/null\nif [[ $? != 0 ]] ; then\n    cat << EOM\nerror: The sandbox is not in sync with the Podfile.lock. Run 'pod install' or update your CocoaPods installation.\nEOM\n    exit 1\nfi\n";
			showEnvVarsInLog = 0;
		};
/* End PBXShellScriptBuildPhase section */

/* Begin PBXSourcesBuildPhase section */
		31E0CC8D19C401CA00F92913 /* Sources */ = {
			isa = PBXSourcesBuildPhase;
			buildActionMask = 2147483647;
			files = (
				31E0CCA519C401CA00F92913 /* AppDelegate.m in Sources */,
				31E0CCA119C401CA00F92913 /* main.m in Sources */,
				3153061B19C557E0003B4E0C /* MovieDetailViewController.m in Sources */,
				317E0B2319C4993200807C3C /* MovieCell.m in Sources */,
				31E0CCCC19C401EE00F92913 /* MoviesViewController.m in Sources */,
			);
			runOnlyForDeploymentPostprocessing = 0;
		};
		31E0CCAE19C401CB00F92913 /* Sources */ = {
			isa = PBXSourcesBuildPhase;
			buildActionMask = 2147483647;
			files = (
				31E0CCC019C401CB00F92913 /* rottentomatoesTests.m in Sources */,
			);
			runOnlyForDeploymentPostprocessing = 0;
		};
/* End PBXSourcesBuildPhase section */

/* Begin PBXTargetDependency section */
		31E0CCB819C401CB00F92913 /* PBXTargetDependency */ = {
			isa = PBXTargetDependency;
			target = 31E0CC9019C401CA00F92913 /* rottentomatoes */;
			targetProxy = 31E0CCB719C401CB00F92913 /* PBXContainerItemProxy */;
		};
/* End PBXTargetDependency section */

/* Begin PBXVariantGroup section */
		31E0CC9D19C401CA00F92913 /* InfoPlist.strings */ = {
			isa = PBXVariantGroup;
			children = (
				31E0CC9E19C401CA00F92913 /* en */,
			);
			name = InfoPlist.strings;
			sourceTree = "<group>";
		};
		31E0CCBC19C401CB00F92913 /* InfoPlist.strings */ = {
			isa = PBXVariantGroup;
			children = (
				31E0CCBD19C401CB00F92913 /* en */,
			);
			name = InfoPlist.strings;
			sourceTree = "<group>";
		};
/* End PBXVariantGroup section */

/* Begin XCBuildConfiguration section */
		31E0CCC119C401CB00F92913 /* Debug */ = {
			isa = XCBuildConfiguration;
			buildSettings = {
				ALWAYS_SEARCH_USER_PATHS = NO;
				CLANG_CXX_LANGUAGE_STANDARD = "gnu++0x";
				CLANG_CXX_LIBRARY = "libc++";
				CLANG_ENABLE_MODULES = YES;
				CLANG_ENABLE_OBJC_ARC = YES;
				CLANG_WARN_BOOL_CONVERSION = YES;
				CLANG_WARN_CONSTANT_CONVERSION = YES;
				CLANG_WARN_DIRECT_OBJC_ISA_USAGE = YES_ERROR;
				CLANG_WARN_EMPTY_BODY = YES;
				CLANG_WARN_ENUM_CONVERSION = YES;
				CLANG_WARN_INT_CONVERSION = YES;
				CLANG_WARN_OBJC_ROOT_CLASS = YES_ERROR;
				CLANG_WARN__DUPLICATE_METHOD_MATCH = YES;
				"CODE_SIGN_IDENTITY[sdk=iphoneos*]" = "iPhone Developer";
				COPY_PHASE_STRIP = NO;
				GCC_C_LANGUAGE_STANDARD = gnu99;
				GCC_DYNAMIC_NO_PIC = NO;
				GCC_OPTIMIZATION_LEVEL = 0;
				GCC_PREPROCESSOR_DEFINITIONS = (
					"DEBUG=1",
					"$(inherited)",
				);
				GCC_SYMBOLS_PRIVATE_EXTERN = NO;
				GCC_WARN_64_TO_32_BIT_CONVERSION = YES;
				GCC_WARN_ABOUT_RETURN_TYPE = YES_ERROR;
				GCC_WARN_UNDECLARED_SELECTOR = YES;
				GCC_WARN_UNINITIALIZED_AUTOS = YES_AGGRESSIVE;
				GCC_WARN_UNUSED_FUNCTION = YES;
				GCC_WARN_UNUSED_VARIABLE = YES;
				IPHONEOS_DEPLOYMENT_TARGET = 7.1;
				ONLY_ACTIVE_ARCH = YES;
				SDKROOT = iphoneos;
			};
			name = Debug;
		};
		31E0CCC219C401CB00F92913 /* Release */ = {
			isa = XCBuildConfiguration;
			buildSettings = {
				ALWAYS_SEARCH_USER_PATHS = NO;
				CLANG_CXX_LANGUAGE_STANDARD = "gnu++0x";
				CLANG_CXX_LIBRARY = "libc++";
				CLANG_ENABLE_MODULES = YES;
				CLANG_ENABLE_OBJC_ARC = YES;
				CLANG_WARN_BOOL_CONVERSION = YES;
				CLANG_WARN_CONSTANT_CONVERSION = YES;
				CLANG_WARN_DIRECT_OBJC_ISA_USAGE = YES_ERROR;
				CLANG_WARN_EMPTY_BODY = YES;
				CLANG_WARN_ENUM_CONVERSION = YES;
				CLANG_WARN_INT_CONVERSION = YES;
				CLANG_WARN_OBJC_ROOT_CLASS = YES_ERROR;
				CLANG_WARN__DUPLICATE_METHOD_MATCH = YES;
				"CODE_SIGN_IDENTITY[sdk=iphoneos*]" = "iPhone Developer";
				COPY_PHASE_STRIP = YES;
				ENABLE_NS_ASSERTIONS = NO;
				GCC_C_LANGUAGE_STANDARD = gnu99;
				GCC_WARN_64_TO_32_BIT_CONVERSION = YES;
				GCC_WARN_ABOUT_RETURN_TYPE = YES_ERROR;
				GCC_WARN_UNDECLARED_SELECTOR = YES;
				GCC_WARN_UNINITIALIZED_AUTOS = YES_AGGRESSIVE;
				GCC_WARN_UNUSED_FUNCTION = YES;
				GCC_WARN_UNUSED_VARIABLE = YES;
				IPHONEOS_DEPLOYMENT_TARGET = 7.1;
				SDKROOT = iphoneos;
				VALIDATE_PRODUCT = YES;
			};
			name = Release;
		};
		31E0CCC419C401CB00F92913 /* Debug */ = {
			isa = XCBuildConfiguration;
			baseConfigurationReference = 7A2DB222DBE54B4A9F8FC5BC /* Pods.xcconfig */;
			buildSettings = {
				ASSETCATALOG_COMPILER_APPICON_NAME = AppIcon;
				ASSETCATALOG_COMPILER_LAUNCHIMAGE_NAME = LaunchImage;
				CODE_SIGN_IDENTITY = "iPhone Developer";
				"CODE_SIGN_IDENTITY[sdk=iphoneos*]" = "iPhone Developer";
				GCC_PRECOMPILE_PREFIX_HEADER = YES;
				GCC_PREFIX_HEADER = "rottentomatoes/rottentomatoes-Prefix.pch";
				INFOPLIST_FILE = "rottentomatoes/rottentomatoes-Info.plist";
				PRODUCT_NAME = "$(TARGET_NAME)";
				PROVISIONING_PROFILE = "";
				WRAPPER_EXTENSION = app;
			};
			name = Debug;
		};
		31E0CCC519C401CB00F92913 /* Release */ = {
			isa = XCBuildConfiguration;
			baseConfigurationReference = 7A2DB222DBE54B4A9F8FC5BC /* Pods.xcconfig */;
			buildSettings = {
				ASSETCATALOG_COMPILER_APPICON_NAME = AppIcon;
				ASSETCATALOG_COMPILER_LAUNCHIMAGE_NAME = LaunchImage;
				CODE_SIGN_IDENTITY = "iPhone Developer";
				"CODE_SIGN_IDENTITY[sdk=iphoneos*]" = "iPhone Developer";
				GCC_PRECOMPILE_PREFIX_HEADER = YES;
				GCC_PREFIX_HEADER = "rottentomatoes/rottentomatoes-Prefix.pch";
				INFOPLIST_FILE = "rottentomatoes/rottentomatoes-Info.plist";
				PRODUCT_NAME = "$(TARGET_NAME)";
				PROVISIONING_PROFILE = "";
				WRAPPER_EXTENSION = app;
			};
			name = Release;
		};
		31E0CCC719C401CB00F92913 /* Debug */ = {
			isa = XCBuildConfiguration;
			buildSettings = {
				BUNDLE_LOADER = "$(BUILT_PRODUCTS_DIR)/rottentomatoes.app/rottentomatoes";
				FRAMEWORK_SEARCH_PATHS = (
					"$(SDKROOT)/Developer/Library/Frameworks",
					"$(inherited)",
					"$(DEVELOPER_FRAMEWORKS_DIR)",
				);
				GCC_PRECOMPILE_PREFIX_HEADER = YES;
				GCC_PREFIX_HEADER = "rottentomatoes/rottentomatoes-Prefix.pch";
				GCC_PREPROCESSOR_DEFINITIONS = (
					"DEBUG=1",
					"$(inherited)",
				);
				INFOPLIST_FILE = "rottentomatoesTests/rottentomatoesTests-Info.plist";
				PRODUCT_NAME = "$(TARGET_NAME)";
				TEST_HOST = "$(BUNDLE_LOADER)";
				WRAPPER_EXTENSION = xctest;
			};
			name = Debug;
		};
		31E0CCC819C401CB00F92913 /* Release */ = {
			isa = XCBuildConfiguration;
			buildSettings = {
				BUNDLE_LOADER = "$(BUILT_PRODUCTS_DIR)/rottentomatoes.app/rottentomatoes";
				FRAMEWORK_SEARCH_PATHS = (
					"$(SDKROOT)/Developer/Library/Frameworks",
					"$(inherited)",
					"$(DEVELOPER_FRAMEWORKS_DIR)",
				);
				GCC_PRECOMPILE_PREFIX_HEADER = YES;
				GCC_PREFIX_HEADER = "rottentomatoes/rottentomatoes-Prefix.pch";
				INFOPLIST_FILE = "rottentomatoesTests/rottentomatoesTests-Info.plist";
				PRODUCT_NAME = "$(TARGET_NAME)";
				TEST_HOST = "$(BUNDLE_LOADER)";
				WRAPPER_EXTENSION = xctest;
			};
			name = Release;
		};
/* End XCBuildConfiguration section */

/* Begin XCConfigurationList section */
		31E0CC8C19C401CA00F92913 /* Build configuration list for PBXProject "rottentomatoes" */ = {
			isa = XCConfigurationList;
			buildConfigurations = (
				31E0CCC119C401CB00F92913 /* Debug */,
				31E0CCC219C401CB00F92913 /* Release */,
			);
			defaultConfigurationIsVisible = 0;
			defaultConfigurationName = Release;
		};
		31E0CCC319C401CB00F92913 /* Build configuration list for PBXNativeTarget "rottentomatoes" */ = {
			isa = XCConfigurationList;
			buildConfigurations = (
				31E0CCC419C401CB00F92913 /* Debug */,
				31E0CCC519C401CB00F92913 /* Release */,
			);
			defaultConfigurationIsVisible = 0;
			defaultConfigurationName = Release;
		};
		31E0CCC619C401CB00F92913 /* Build configuration list for PBXNativeTarget "rottentomatoesTests" */ = {
			isa = XCConfigurationList;
			buildConfigurations = (
				31E0CCC719C401CB00F92913 /* Debug */,
				31E0CCC819C401CB00F92913 /* Release */,
			);
			defaultConfigurationIsVisible = 0;
			defaultConfigurationName = Release;
		};
/* End XCConfigurationList section */
	};
	rootObject = 31E0CC8919C401CA00F92913 /* Project object */;
}
